{
  "name": "user-issue-lib",
  "version": "0.0.1",
  "lockfileVersion": 1,
  "requires": true,
  "dependencies": {
    "@ng-select/ng-select": {
      "version": "3.7.3",
      "resolved": "https://registry.npmjs.org/@ng-select/ng-select/-/ng-select-3.7.3.tgz",
      "integrity": "sha512-Duw5t0b9Jup/tVEoDHLm+UhGv5RnwQ7pQorCAQc4LZR35oOZFjec8FrEGGtgVAGtwaQAYyd7PSMk3nEsWPg6AQ==",
      "requires": {
        "tslib": "^1.9.0"
      }
    },
    "@ng-stack/forms": {
      "version": "1.3.4",
      "resolved": "https://registry.npmjs.org/@ng-stack/forms/-/forms-1.3.4.tgz",
      "integrity": "sha512-rSU1lL6QgjaAdQ5ScShi0whSwH4Hpn7f329zQ1d7pjjr9YrgMV9Q0lk5RjdHUUyPZ1rNb04an7HAwelYibRZ5g==",
      "requires": {
        "tslib": "^1.9.0"
      }
    },
    "@types/html2canvas": {
      "version": "0.0.35",
      "resolved": "https://registry.npmjs.org/@types/html2canvas/-/html2canvas-0.0.35.tgz",
      "integrity": "sha512-28p0/yNwXnvGWQK3rEIBj7NHNQoBXuX0ymcCNjSYR/i0Vk9z+xrKCQZPvsrEmurx9vs4B/eHGbOaJY/a9CXdSg==",
      "requires": {
        "@types/jquery": "*"
      }
    },
    "@types/jquery": {
      "version": "3.5.14",
      "resolved": "https://registry.npmjs.org/@types/jquery/-/jquery-3.5.14.tgz",
      "integrity": "sha512-X1gtMRMbziVQkErhTQmSe2jFwwENA/Zr+PprCkF63vFq+Yt5PZ4AlKqgmeNlwgn7dhsXEK888eIW2520EpC+xg==",
      "requires": {
        "@types/sizzle": "*"
      }
    },
    "@types/sizzle": {
      "version": "2.3.3",
      "resolved": "https://registry.npmjs.org/@types/sizzle/-/sizzle-2.3.3.tgz",
      "integrity": "sha512-JYM8x9EGF163bEyhdJBpR2QX1R5naCJHC8ucJylJ3w9/CVBaskdQ8WqBf8MmQrd1kRvp/a4TS8HJ+bxzR7ZJYQ=="
    },
    "base64-arraybuffer": {
      "version": "0.1.5",
      "resolved": "https://registry.npmjs.org/base64-arraybuffer/-/base64-arraybuffer-0.1.5.tgz",
      "integrity": "sha512-437oANT9tP582zZMwSvZGy2nmSeAb8DW2me3y+Uv1Wp2Rulr8Mqlyrv3E7MLxmsiaPSMMDmiDVzgE+e8zlMx9g=="
    },
    "css-line-break": {
      "version": "1.0.1",
      "resolved": "https://registry.npmjs.org/css-line-break/-/css-line-break-1.0.1.tgz",
      "integrity": "sha512-Y/Us0vILnzQj21UxqoZTLaHGrePQKXcZygQIoxNmpII06LJVCgB2sFKmD7PItNDHIAqHWjrmJPVohIywWYKAmQ==",
      "requires": {
        "base64-arraybuffer": "^0.1.5"
      }
    },
    "html2canvas": {
      "version": "1.0.0-rc.1",
      "resolved": "https://registry.npmjs.org/html2canvas/-/html2canvas-1.0.0-rc.1.tgz",
      "integrity": "sha512-ImguLJ3goQnY0P6z7n6VqBZ+ViS77Hv6J7iYXBxvdb3NWz3s8/mqr4/Lj0OlMUb3ID+qCQ1BPLIBuRMqhgqvYg==",
      "requires": {
        "css-line-break": "1.0.1"
      }
    },
    "ng6-toastr-notifications": {
      "version": "1.0.4",
      "resolved": "https://registry.npmjs.org/ng6-toastr-notifications/-/ng6-toastr-notifications-1.0.4.tgz",
      "integrity": "sha512-5miEItoUOhnQfawBRqKyO2+h/C4k/53vWx3QniOl4dMHL8KqHCsccBCSuHyLpHC2ZYxIXXJLI8ArbeLI4L12Uw==",
      "requires": {
        "tslib": "^1.9.0"
      }
    },
    "ngx-capture": {
      "version": "0.0.4-beta",
      "resolved": "https://registry.npmjs.org/ngx-capture/-/ngx-capture-0.0.4-beta.tgz",
      "integrity": "sha512-sBfO89o0f7L3jixKuSAHyAmT+9igmU3JU5IOsqWVCeDWblew/2rJSCwkwmYc2gKrlT3fKajbYXCAlor6ZhlOWg==",
      "requires": {
        "@types/html2canvas": "0.0.35",
        "html2canvas": "1.0.0-rc.1"
      }
    },
    "ngx-smart-modal": {
      "version": "7.4.1",
      "resolved": "https://registry.npmjs.org/ngx-smart-modal/-/ngx-smart-modal-7.4.1.tgz",
      "integrity": "sha512-1vvqavgJYa06lMAgAniuoaLDCNN4i4M7GzWdSTfndrdtknPUwLlXjmr0uJG7NvgeOnZYICWwx/c/dtgHsMjH/Q=="
    },
    "tslib": {
      "version": "1.14.1",
      "resolved": "https://registry.npmjs.org/tslib/-/tslib-1.14.1.tgz",
      "integrity": "sha512-Xni35NKzjgMrwevysHTCArtLDpPvye8zV/0E4EyYn43P7/7qvQwPh9BGkHewbMulVntbigmcT7rdX3BNo9wRJg=="
    }
  }
}
